
Microsoft Visual Studio Solution File, Format Version 12.00
# Visual Studio Version 16
VisualStudioVersion = 16.0.30204.135
MinimumVisualStudioVersion = 10.0.40219.1
Project("{FAE04EC0-301F-11D3-BF4B-00C04F79EFBC}") = "Activity1", "Activity1\Activity1.csproj", "{AE44A12E-DD26-42AC-9EAD-7AC3BD00F00B}"
EndProject
Global
	GlobalSection(SolutionConfigurationPlatforms) = preSolution
		Debug|Any CPU = Debug|Any CPU
		Release|Any CPU = Release|Any CPU
	EndGlobalSection
	GlobalSection(ProjectConfigurationPlatforms) = postSolution
		{AE44A12E-DD26-42AC-9EAD-7AC3BD00F00B}.Debug|Any CPU.ActiveCfg = Debug|Any CPU
		{AE44A12E-DD26-42AC-9EAD-7AC3BD00F00B}.Debug|Any CPU.Build.0 = Debug|Any CPU
		{AE44A12E-DD26-42AC-9EAD-7AC3BD00F00B}.Release|Any CPU.ActiveCfg = Release|Any CPU
		{AE44A12E-DD26-42AC-9EAD-7AC3BD00F00B}.Release|Any CPU.Build.0 = Release|Any CPU
	EndGlobalSection
	GlobalSection(SolutionProperties) = preSolution
		HideSolutionNode = FALSE
	EndGlobalSection
	GlobalSection(ExtensibilityGlobals) = postSolution
		SolutionGuid = {DCF8F845-1C68-4A6D-B71A-33A1F91BD0E6}
	EndGlobalSection
EndGlobal
